<Solution>
  <Project Path="src/backend/ServiFinance.Domain/ServiFinance.Domain.csproj" />
  <Project Path="src/backend/ServiFinance.Application/ServiFinance.Application.csproj" />
  <Project Path="ServiFinance.Infrastructure/ServiFinance.Infrastructure.csproj" />
  <Project Path="ServiFinance.Shared/ServiFinance.Shared.csproj" />
  <Project Path="ServiFinance.Web/ServiFinance.Web.csproj" />
  <Project Path="ServiFinance/ServiFinance.csproj" />
</Solution>
