<Solution>
  <Project Path="src/backend/ServiFinance.Domain/ServiFinance.Domain.csproj" />
  <Project Path="src/backend/ServiFinance.Application/ServiFinance.Application.csproj" />
  <Project Path="src/backend/ServiFinance.Infrastructure/ServiFinance.Infrastructure.csproj" />
  <Project Path="src/backend/ServiFinance.Api/ServiFinance.Api.csproj" />
  <Project Path="src/desktop/ServiFinance.Desktop/ServiFinance.Desktop.csproj" />
</Solution>
